{
  "version": 4,
  "terraform_version": "1.9.0",
  "serial": 18,
  "lineage": "d144186b-75df-fe77-1162-f98b1e9a79df",
  "outputs": {},
  "resources": [
    {
      "module": "module.web",
      "mode": "managed",
      "type": "docker_image",
      "name": "nginx",
      "provider": "provider[\"registry.terraform.io/kreuzwerker/docker\"]",
      "instances": [
        {
          "schema_version": 0,
          "attributes": {
            "build": [],
            "force_remove": null,
            "id": "sha256:0469e929ca6320c98871e17260708787ca6e6547a0b4b21a8854e455adac73dfnginx",
            "image_id": "sha256:0469e929ca6320c98871e17260708787ca6e6547a0b4b21a8854e455adac73df",
            "keep_locally": false,
            "name": "nginx",
            "platform": null,
            "pull_triggers": null,
            "repo_digest": "nginx@sha256:9c367186df9a6b18c6735357b8eb7f407347e84aea09beb184961cb83543d46e",
            "triggers": null
          },
          "sensitive_attributes": [],
          "private": "bnVsbA=="
        }
      ]
    }
  ],
  "check_results": null
}
